---
- hosts: all
  gather_facts: no
  become: yes
  tasks:
# run after pmp
          - name: Remove ansible user from sudoers
            replace:
                    path: /etc/sudoers
                    regexp: '^ansible.*'
                    replace: '#'

          - name : lock
            shell:
                    cmd: sudo usermod -L -e 1 ansible
...
